// !$*UTF8*$!
{
	archiveVersion = 1;
	classes = {
	};
	objectVersion = 46;
	objects = {

/* Begin PBXBuildFile section */
		1E65240A167FD6B75B1E7400 /* Pods.framework in Frameworks */ = {isa = PBXBuildFile; fileRef = 968D451457EE9775786DF200 /* Pods.framework */; };
		F6224E1A1C27EA5900B7C1E6 /* FinamcialServiceFirstViewController.m in Sources */ = {isa = PBXBuildFile; fileRef = F6224E181C27EA5900B7C1E6 /* FinamcialServiceFirstViewController.m */; settings = {ASSET_TAGS = (); }; };
		F6224E1B1C27EA5900B7C1E6 /* FinamcialServiceFirstViewController.xib in Resources */ = {isa = PBXBuildFile; fileRef = F6224E191C27EA5900B7C1E6 /* FinamcialServiceFirstViewController.xib */; settings = {ASSET_TAGS = (); }; };
		F6224E1E1C27EAD100B7C1E6 /* first_img_banner1.png in Resources */ = {isa = PBXBuildFile; fileRef = F6224E1D1C27EAD100B7C1E6 /* first_img_banner1.png */; settings = {ASSET_TAGS = (); }; };
		F6224E201C27EAD700B7C1E6 /* first_img_banner2.png in Resources */ = {isa = PBXBuildFile; fileRef = F6224E1F1C27EAD700B7C1E6 /* first_img_banner2.png */; settings = {ASSET_TAGS = (); }; };
		F6224E221C27EADD00B7C1E6 /* first_img_banner3.png in Resources */ = {isa = PBXBuildFile; fileRef = F6224E211C27EADD00B7C1E6 /* first_img_banner3.png */; settings = {ASSET_TAGS = (); }; };
		F6224E241C27EAE100B7C1E6 /* first_img_banner4.png in Resources */ = {isa = PBXBuildFile; fileRef = F6224E231C27EAE100B7C1E6 /* first_img_banner4.png */; settings = {ASSET_TAGS = (); }; };
		F6224E261C27EAE600B7C1E6 /* img_banner1.jpg in Resources */ = {isa = PBXBuildFile; fileRef = F6224E251C27EAE600B7C1E6 /* img_banner1.jpg */; settings = {ASSET_TAGS = (); }; };
		F6224E281C27EAEB00B7C1E6 /* img_banner2.jpg in Resources */ = {isa = PBXBuildFile; fileRef = F6224E271C27EAEB00B7C1E6 /* img_banner2.jpg */; settings = {ASSET_TAGS = (); }; };
		F6224E2A1C27EAF000B7C1E6 /* img_banner3.jpg in Resources */ = {isa = PBXBuildFile; fileRef = F6224E291C27EAF000B7C1E6 /* img_banner3.jpg */; settings = {ASSET_TAGS = (); }; };
		F6224E2C1C27EAF400B7C1E6 /* img_banner4.jpg in Resources */ = {isa = PBXBuildFile; fileRef = F6224E2B1C27EAF400B7C1E6 /* img_banner4.jpg */; settings = {ASSET_TAGS = (); }; };
		F6224E301C27EB2900B7C1E6 /* FinamcialserviceFirstTableViewCell.m in Sources */ = {isa = PBXBuildFile; fileRef = F6224E2E1C27EB2900B7C1E6 /* FinamcialserviceFirstTableViewCell.m */; settings = {ASSET_TAGS = (); }; };
		F6224E311C27EB2900B7C1E6 /* FinamcialserviceFirstTableViewCell.xib in Resources */ = {isa = PBXBuildFile; fileRef = F6224E2F1C27EB2900B7C1E6 /* FinamcialserviceFirstTableViewCell.xib */; settings = {ASSET_TAGS = (); }; };
		F6609D271C23B2C4001547EB /* text.jpg in Resources */ = {isa = PBXBuildFile; fileRef = F6609D261C23B2C4001547EB /* text.jpg */; settings = {ASSET_TAGS = (); }; };
		F6609D291C23D756001547EB /* proAndCityinfo.plist in Resources */ = {isa = PBXBuildFile; fileRef = F6609D281C23D756001547EB /* proAndCityinfo.plist */; settings = {ASSET_TAGS = (); }; };
		F6609D2C1C23F103001547EB /* FundCombinationViewController.m in Sources */ = {isa = PBXBuildFile; fileRef = F6609D2B1C23F103001547EB /* FundCombinationViewController.m */; settings = {ASSET_TAGS = (); }; };
		F6AA96251C30DE2E0073FD6F /* MemberBorrowViewController.m in Sources */ = {isa = PBXBuildFile; fileRef = F6AA96231C30DE2E0073FD6F /* MemberBorrowViewController.m */; settings = {ASSET_TAGS = (); }; };
		F6AA96261C30DE2E0073FD6F /* MemberBorrowViewController.xib in Resources */ = {isa = PBXBuildFile; fileRef = F6AA96241C30DE2E0073FD6F /* MemberBorrowViewController.xib */; settings = {ASSET_TAGS = (); }; };
		F6AA962A1C30E6E50073FD6F /* BorrowProgramViewController.m in Sources */ = {isa = PBXBuildFile; fileRef = F6AA96281C30E6E50073FD6F /* BorrowProgramViewController.m */; settings = {ASSET_TAGS = (); }; };
		F6AA962B1C30E6E50073FD6F /* BorrowProgramViewController.xib in Resources */ = {isa = PBXBuildFile; fileRef = F6AA96291C30E6E50073FD6F /* BorrowProgramViewController.xib */; settings = {ASSET_TAGS = (); }; };
		F6D49E2D1C22611800028A62 /* main.m in Sources */ = {isa = PBXBuildFile; fileRef = F6D49E2C1C22611800028A62 /* main.m */; };
		F6D49E301C22611800028A62 /* AppDelegate.m in Sources */ = {isa = PBXBuildFile; fileRef = F6D49E2F1C22611800028A62 /* AppDelegate.m */; };
		F6D49E361C22611900028A62 /* Main.storyboard in Resources */ = {isa = PBXBuildFile; fileRef = F6D49E341C22611900028A62 /* Main.storyboard */; };
		F6D49E381C22611900028A62 /* Assets.xcassets in Resources */ = {isa = PBXBuildFile; fileRef = F6D49E371C22611900028A62 /* Assets.xcassets */; };
		F6D49E3B1C22611900028A62 /* LaunchScreen.storyboard in Resources */ = {isa = PBXBuildFile; fileRef = F6D49E391C22611900028A62 /* LaunchScreen.storyboard */; };
		F6D49E461C22611900028A62 /* ____Tests.m in Sources */ = {isa = PBXBuildFile; fileRef = F6D49E451C22611900028A62 /* ____Tests.m */; };
		F6D49E511C22611900028A62 /* ____UITests.m in Sources */ = {isa = PBXBuildFile; fileRef = F6D49E501C22611900028A62 /* ____UITests.m */; };
		F6D49E661C2263BC00028A62 /* FinancialServiceViewController.m in Sources */ = {isa = PBXBuildFile; fileRef = F6D49E641C2263BC00028A62 /* FinancialServiceViewController.m */; settings = {ASSET_TAGS = (); }; };
		F6D49E671C2263BC00028A62 /* FinancialServiceViewController.xib in Resources */ = {isa = PBXBuildFile; fileRef = F6D49E651C2263BC00028A62 /* FinancialServiceViewController.xib */; settings = {ASSET_TAGS = (); }; };
		F6D49E6B1C2269BA00028A62 /* FinancialServiceBannerCell.m in Sources */ = {isa = PBXBuildFile; fileRef = F6D49E691C2269BA00028A62 /* FinancialServiceBannerCell.m */; settings = {ASSET_TAGS = (); }; };
		F6D49E6C1C2269BA00028A62 /* FinancialServiceBannerCell.xib in Resources */ = {isa = PBXBuildFile; fileRef = F6D49E6A1C2269BA00028A62 /* FinancialServiceBannerCell.xib */; settings = {ASSET_TAGS = (); }; };
		F6D49E701C226A5D00028A62 /* FinancialServiceContentCell.m in Sources */ = {isa = PBXBuildFile; fileRef = F6D49E6E1C226A5D00028A62 /* FinancialServiceContentCell.m */; settings = {ASSET_TAGS = (); }; };
		F6D49E711C226A5D00028A62 /* FinancialServiceContentCell.xib in Resources */ = {isa = PBXBuildFile; fileRef = F6D49E6F1C226A5D00028A62 /* FinancialServiceContentCell.xib */; settings = {ASSET_TAGS = (); }; };
		F6D49E771C22975D00028A62 /* PayFormViewController.m in Sources */ = {isa = PBXBuildFile; fileRef = F6D49E761C22975D00028A62 /* PayFormViewController.m */; settings = {ASSET_TAGS = (); }; };
		F6D4B5A51C3B4AFB00AF7EAA /* NetServiceManger.m in Sources */ = {isa = PBXBuildFile; fileRef = F6D4B5A41C3B4AFB00AF7EAA /* NetServiceManger.m */; settings = {ASSET_TAGS = (); }; };
		F6E3F3E71C28D06700B2DF0B /* PayForMainViewController.m in Sources */ = {isa = PBXBuildFile; fileRef = F6E3F3E51C28D06700B2DF0B /* PayForMainViewController.m */; settings = {ASSET_TAGS = (); }; };
		F6E3F3E81C28D06700B2DF0B /* PayForMainViewController.xib in Resources */ = {isa = PBXBuildFile; fileRef = F6E3F3E61C28D06700B2DF0B /* PayForMainViewController.xib */; settings = {ASSET_TAGS = (); }; };
/* End PBXBuildFile section */

/* Begin PBXContainerItemProxy section */
		F6D49E421C22611900028A62 /* PBXContainerItemProxy */ = {
			isa = PBXContainerItemProxy;
			containerPortal = F6D49E201C22611800028A62 /* Project object */;
			proxyType = 1;
			remoteGlobalIDString = F6D49E271C22611800028A62;
			remoteInfo = "理财服务";
		};
		F6D49E4D1C22611900028A62 /* PBXContainerItemProxy */ = {
			isa = PBXContainerItemProxy;
			containerPortal = F6D49E201C22611800028A62 /* Project object */;
			proxyType = 1;
			remoteGlobalIDString = F6D49E271C22611800028A62;
			remoteInfo = "理财服务";
		};
/* End PBXContainerItemProxy section */

/* Begin PBXFileReference section */
		306DFCA87443434C9EF943F7 /* Pods.release.xcconfig */ = {isa = PBXFileReference; includeInIndex = 1; lastKnownFileType = text.xcconfig; name = Pods.release.xcconfig; path = "Pods/Target Support Files/Pods/Pods.release.xcconfig"; sourceTree = "<group>"; };
		5D6C828BACE64E9619DDAE3D /* Pods.debug.xcconfig */ = {isa = PBXFileReference; includeInIndex = 1; lastKnownFileType = text.xcconfig; name = Pods.debug.xcconfig; path = "Pods/Target Support Files/Pods/Pods.debug.xcconfig"; sourceTree = "<group>"; };
		968D451457EE9775786DF200 /* Pods.framework */ = {isa = PBXFileReference; explicitFileType = wrapper.framework; includeInIndex = 0; path = Pods.framework; sourceTree = BUILT_PRODUCTS_DIR; };
		F6224E171C27EA5900B7C1E6 /* FinamcialServiceFirstViewController.h */ = {isa = PBXFileReference; fileEncoding = 4; lastKnownFileType = sourcecode.c.h; path = FinamcialServiceFirstViewController.h; sourceTree = "<group>"; };
		F6224E181C27EA5900B7C1E6 /* FinamcialServiceFirstViewController.m */ = {isa = PBXFileReference; fileEncoding = 4; lastKnownFileType = sourcecode.c.objc; path = FinamcialServiceFirstViewController.m; sourceTree = "<group>"; };
		F6224E191C27EA5900B7C1E6 /* FinamcialServiceFirstViewController.xib */ = {isa = PBXFileReference; fileEncoding = 4; lastKnownFileType = file.xib; path = FinamcialServiceFirstViewController.xib; sourceTree = "<group>"; };
		F6224E1D1C27EAD100B7C1E6 /* first_img_banner1.png */ = {isa = PBXFileReference; lastKnownFileType = image.png; path = first_img_banner1.png; sourceTree = "<group>"; };
		F6224E1F1C27EAD700B7C1E6 /* first_img_banner2.png */ = {isa = PBXFileReference; lastKnownFileType = image.png; path = first_img_banner2.png; sourceTree = "<group>"; };
		F6224E211C27EADD00B7C1E6 /* first_img_banner3.png */ = {isa = PBXFileReference; lastKnownFileType = image.png; path = first_img_banner3.png; sourceTree = "<group>"; };
		F6224E231C27EAE100B7C1E6 /* first_img_banner4.png */ = {isa = PBXFileReference; lastKnownFileType = image.png; path = first_img_banner4.png; sourceTree = "<group>"; };
		F6224E251C27EAE600B7C1E6 /* img_banner1.jpg */ = {isa = PBXFileReference; lastKnownFileType = image.jpeg; path = img_banner1.jpg; sourceTree = "<group>"; };
		F6224E271C27EAEB00B7C1E6 /* img_banner2.jpg */ = {isa = PBXFileReference; lastKnownFileType = image.jpeg; path = img_banner2.jpg; sourceTree = "<group>"; };
		F6224E291C27EAF000B7C1E6 /* img_banner3.jpg */ = {isa = PBXFileReference; lastKnownFileType = image.jpeg; path = img_banner3.jpg; sourceTree = "<group>"; };
		F6224E2B1C27EAF400B7C1E6 /* img_banner4.jpg */ = {isa = PBXFileReference; lastKnownFileType = image.jpeg; path = img_banner4.jpg; sourceTree = "<group>"; };
		F6224E2D1C27EB2900B7C1E6 /* FinamcialserviceFirstTableViewCell.h */ = {isa = PBXFileReference; fileEncoding = 4; lastKnownFileType = sourcecode.c.h; path = FinamcialserviceFirstTableViewCell.h; sourceTree = "<group>"; };
		F6224E2E1C27EB2900B7C1E6 /* FinamcialserviceFirstTableViewCell.m */ = {isa = PBXFileReference; fileEncoding = 4; lastKnownFileType = sourcecode.c.objc; path = FinamcialserviceFirstTableViewCell.m; sourceTree = "<group>"; };
		F6224E2F1C27EB2900B7C1E6 /* FinamcialserviceFirstTableViewCell.xib */ = {isa = PBXFileReference; fileEncoding = 4; lastKnownFileType = file.xib; path = FinamcialserviceFirstTableViewCell.xib; sourceTree = "<group>"; };
		F6609D261C23B2C4001547EB /* text.jpg */ = {isa = PBXFileReference; lastKnownFileType = image.jpeg; path = text.jpg; sourceTree = "<group>"; };
		F6609D281C23D756001547EB /* proAndCityinfo.plist */ = {isa = PBXFileReference; fileEncoding = 4; lastKnownFileType = text.plist.xml; path = proAndCityinfo.plist; sourceTree = "<group>"; };
		F6609D2A1C23F103001547EB /* FundCombinationViewController.h */ = {isa = PBXFileReference; fileEncoding = 4; lastKnownFileType = sourcecode.c.h; path = FundCombinationViewController.h; sourceTree = "<group>"; };
		F6609D2B1C23F103001547EB /* FundCombinationViewController.m */ = {isa = PBXFileReference; fileEncoding = 4; lastKnownFileType = sourcecode.c.objc; path = FundCombinationViewController.m; sourceTree = "<group>"; };
		F6AA96221C30DE2E0073FD6F /* MemberBorrowViewController.h */ = {isa = PBXFileReference; fileEncoding = 4; lastKnownFileType = sourcecode.c.h; path = MemberBorrowViewController.h; sourceTree = "<group>"; };
		F6AA96231C30DE2E0073FD6F /* MemberBorrowViewController.m */ = {isa = PBXFileReference; fileEncoding = 4; lastKnownFileType = sourcecode.c.objc; path = MemberBorrowViewController.m; sourceTree = "<group>"; };
		F6AA96241C30DE2E0073FD6F /* MemberBorrowViewController.xib */ = {isa = PBXFileReference; fileEncoding = 4; lastKnownFileType = file.xib; path = MemberBorrowViewController.xib; sourceTree = "<group>"; };
		F6AA96271C30E6E50073FD6F /* BorrowProgramViewController.h */ = {isa = PBXFileReference; fileEncoding = 4; lastKnownFileType = sourcecode.c.h; path = BorrowProgramViewController.h; sourceTree = "<group>"; };
		F6AA96281C30E6E50073FD6F /* BorrowProgramViewController.m */ = {isa = PBXFileReference; fileEncoding = 4; lastKnownFileType = sourcecode.c.objc; path = BorrowProgramViewController.m; sourceTree = "<group>"; };
		F6AA96291C30E6E50073FD6F /* BorrowProgramViewController.xib */ = {isa = PBXFileReference; fileEncoding = 4; lastKnownFileType = file.xib; path = BorrowProgramViewController.xib; sourceTree = "<group>"; };
		F6D49E281C22611800028A62 /* 理财服务.app */ = {isa = PBXFileReference; explicitFileType = wrapper.application; includeInIndex = 0; path = "理财服务.app"; sourceTree = BUILT_PRODUCTS_DIR; };
		F6D49E2C1C22611800028A62 /* main.m */ = {isa = PBXFileReference; lastKnownFileType = sourcecode.c.objc; path = main.m; sourceTree = "<group>"; };
		F6D49E2E1C22611800028A62 /* AppDelegate.h */ = {isa = PBXFileReference; lastKnownFileType = sourcecode.c.h; path = AppDelegate.h; sourceTree = "<group>"; };
		F6D49E2F1C22611800028A62 /* AppDelegate.m */ = {isa = PBXFileReference; lastKnownFileType = sourcecode.c.objc; path = AppDelegate.m; sourceTree = "<group>"; };
		F6D49E351C22611900028A62 /* Base */ = {isa = PBXFileReference; lastKnownFileType = file.storyboard; name = Base; path = Base.lproj/Main.storyboard; sourceTree = "<group>"; };
		F6D49E371C22611900028A62 /* Assets.xcassets */ = {isa = PBXFileReference; lastKnownFileType = folder.assetcatalog; path = Assets.xcassets; sourceTree = "<group>"; };
		F6D49E3A1C22611900028A62 /* Base */ = {isa = PBXFileReference; lastKnownFileType = file.storyboard; name = Base; path = Base.lproj/LaunchScreen.storyboard; sourceTree = "<group>"; };
		F6D49E3C1C22611900028A62 /* Info.plist */ = {isa = PBXFileReference; lastKnownFileType = text.plist.xml; path = Info.plist; sourceTree = "<group>"; };
		F6D49E411C22611900028A62 /* 理财服务Tests.xctest */ = {isa = PBXFileReference; explicitFileType = wrapper.cfbundle; includeInIndex = 0; path = "理财服务Tests.xctest"; sourceTree = BUILT_PRODUCTS_DIR; };
		F6D49E451C22611900028A62 /* ____Tests.m */ = {isa = PBXFileReference; lastKnownFileType = sourcecode.c.objc; path = "____Tests.m"; sourceTree = "<group>"; };
		F6D49E471C22611900028A62 /* Info.plist */ = {isa = PBXFileReference; lastKnownFileType = text.plist.xml; path = Info.plist; sourceTree = "<group>"; };
		F6D49E4C1C22611900028A62 /* 理财服务UITests.xctest */ = {isa = PBXFileReference; explicitFileType = wrapper.cfbundle; includeInIndex = 0; path = "理财服务UITests.xctest"; sourceTree = BUILT_PRODUCTS_DIR; };
		F6D49E501C22611900028A62 /* ____UITests.m */ = {isa = PBXFileReference; lastKnownFileType = sourcecode.c.objc; path = "____UITests.m"; sourceTree = "<group>"; };
		F6D49E521C22611900028A62 /* Info.plist */ = {isa = PBXFileReference; lastKnownFileType = text.plist.xml; path = Info.plist; sourceTree = "<group>"; };
		F6D49E631C2263BC00028A62 /* FinancialServiceViewController.h */ = {isa = PBXFileReference; fileEncoding = 4; lastKnownFileType = sourcecode.c.h; name = FinancialServiceViewController.h; path = ../FinancialServiceViewController.h; sourceTree = "<group>"; };
		F6D49E641C2263BC00028A62 /* FinancialServiceViewController.m */ = {isa = PBXFileReference; fileEncoding = 4; lastKnownFileType = sourcecode.c.objc; name = FinancialServiceViewController.m; path = ../FinancialServiceViewController.m; sourceTree = "<group>"; };
		F6D49E651C2263BC00028A62 /* FinancialServiceViewController.xib */ = {isa = PBXFileReference; fileEncoding = 4; lastKnownFileType = file.xib; name = FinancialServiceViewController.xib; path = ../FinancialServiceViewController.xib; sourceTree = "<group>"; };
		F6D49E681C2269BA00028A62 /* FinancialServiceBannerCell.h */ = {isa = PBXFileReference; fileEncoding = 4; lastKnownFileType = sourcecode.c.h; path = FinancialServiceBannerCell.h; sourceTree = "<group>"; };
		F6D49E691C2269BA00028A62 /* FinancialServiceBannerCell.m */ = {isa = PBXFileReference; fileEncoding = 4; lastKnownFileType = sourcecode.c.objc; path = FinancialServiceBannerCell.m; sourceTree = "<group>"; };
		F6D49E6A1C2269BA00028A62 /* FinancialServiceBannerCell.xib */ = {isa = PBXFileReference; fileEncoding = 4; lastKnownFileType = file.xib; path = FinancialServiceBannerCell.xib; sourceTree = "<group>"; };
		F6D49E6D1C226A5D00028A62 /* FinancialServiceContentCell.h */ = {isa = PBXFileReference; fileEncoding = 4; lastKnownFileType = sourcecode.c.h; path = FinancialServiceContentCell.h; sourceTree = "<group>"; };
		F6D49E6E1C226A5D00028A62 /* FinancialServiceContentCell.m */ = {isa = PBXFileReference; fileEncoding = 4; lastKnownFileType = sourcecode.c.objc; path = FinancialServiceContentCell.m; sourceTree = "<group>"; };
		F6D49E6F1C226A5D00028A62 /* FinancialServiceContentCell.xib */ = {isa = PBXFileReference; fileEncoding = 4; lastKnownFileType = file.xib; path = FinancialServiceContentCell.xib; sourceTree = "<group>"; };
		F6D49E751C22975D00028A62 /* PayFormViewController.h */ = {isa = PBXFileReference; fileEncoding = 4; lastKnownFileType = sourcecode.c.h; path = PayFormViewController.h; sourceTree = "<group>"; };
		F6D49E761C22975D00028A62 /* PayFormViewController.m */ = {isa = PBXFileReference; fileEncoding = 4; lastKnownFileType = sourcecode.c.objc; path = PayFormViewController.m; sourceTree = "<group>"; };
		F6D4B5A31C3B4AFB00AF7EAA /* NetServiceManger.h */ = {isa = PBXFileReference; fileEncoding = 4; lastKnownFileType = sourcecode.c.h; path = NetServiceManger.h; sourceTree = "<group>"; };
		F6D4B5A41C3B4AFB00AF7EAA /* NetServiceManger.m */ = {isa = PBXFileReference; fileEncoding = 4; lastKnownFileType = sourcecode.c.objc; path = NetServiceManger.m; sourceTree = "<group>"; };
		F6E3F3E41C28D06700B2DF0B /* PayForMainViewController.h */ = {isa = PBXFileReference; fileEncoding = 4; lastKnownFileType = sourcecode.c.h; path = PayForMainViewController.h; sourceTree = "<group>"; };
		F6E3F3E51C28D06700B2DF0B /* PayForMainViewController.m */ = {isa = PBXFileReference; fileEncoding = 4; lastKnownFileType = sourcecode.c.objc; path = PayForMainViewController.m; sourceTree = "<group>"; };
		F6E3F3E61C28D06700B2DF0B /* PayForMainViewController.xib */ = {isa = PBXFileReference; fileEncoding = 4; lastKnownFileType = file.xib; path = PayForMainViewController.xib; sourceTree = "<group>"; };
/* End PBXFileReference section */

/* Begin PBXFrameworksBuildPhase section */
		F6D49E251C22611800028A62 /* Frameworks */ = {
			isa = PBXFrameworksBuildPhase;
			buildActionMask = 2147483647;
			files = (
				1E65240A167FD6B75B1E7400 /* Pods.framework in Frameworks */,
			);
			runOnlyForDeploymentPostprocessing = 0;
		};
		F6D49E3E1C22611900028A62 /* Frameworks */ = {
			isa = PBXFrameworksBuildPhase;
			buildActionMask = 2147483647;
			files = (
			);
			runOnlyForDeploymentPostprocessing = 0;
		};
		F6D49E491C22611900028A62 /* Frameworks */ = {
			isa = PBXFrameworksBuildPhase;
			buildActionMask = 2147483647;
			files = (
			);
			runOnlyForDeploymentPostprocessing = 0;
		};
/* End PBXFrameworksBuildPhase section */

/* Begin PBXGroup section */
		19B80C6ABE0CBF7F2AFE4F66 /* Pods */ = {
			isa = PBXGroup;
			children = (
				5D6C828BACE64E9619DDAE3D /* Pods.debug.xcconfig */,
				306DFCA87443434C9EF943F7 /* Pods.release.xcconfig */,
			);
			name = Pods;
			sourceTree = "<group>";
		};
		F325B6D8314F097839850946 /* Frameworks */ = {
			isa = PBXGroup;
			children = (
				968D451457EE9775786DF200 /* Pods.framework */,
			);
			name = Frameworks;
			sourceTree = "<group>";
		};
		F6224E1C1C27EAC100B7C1E6 /* image */ = {
			isa = PBXGroup;
			children = (
				F6224E1D1C27EAD100B7C1E6 /* first_img_banner1.png */,
				F6224E1F1C27EAD700B7C1E6 /* first_img_banner2.png */,
				F6224E211C27EADD00B7C1E6 /* first_img_banner3.png */,
				F6224E231C27EAE100B7C1E6 /* first_img_banner4.png */,
				F6224E251C27EAE600B7C1E6 /* img_banner1.jpg */,
				F6224E271C27EAEB00B7C1E6 /* img_banner2.jpg */,
				F6224E291C27EAF000B7C1E6 /* img_banner3.jpg */,
				F6224E2B1C27EAF400B7C1E6 /* img_banner4.jpg */,
			);
			name = image;
			sourceTree = "<group>";
		};
		F6D49E1F1C22611800028A62 = {
			isa = PBXGroup;
			children = (
				F6D49E2A1C22611800028A62 /* 理财服务 */,
				F6D49E441C22611900028A62 /* 理财服务Tests */,
				F6D49E4F1C22611900028A62 /* 理财服务UITests */,
				F6D49E291C22611800028A62 /* Products */,
				19B80C6ABE0CBF7F2AFE4F66 /* Pods */,
				F325B6D8314F097839850946 /* Frameworks */,
			);
			sourceTree = "<group>";
		};
		F6D49E291C22611800028A62 /* Products */ = {
			isa = PBXGroup;
			children = (
				F6D49E281C22611800028A62 /* 理财服务.app */,
				F6D49E411C22611900028A62 /* 理财服务Tests.xctest */,
				F6D49E4C1C22611900028A62 /* 理财服务UITests.xctest */,
			);
			name = Products;
			sourceTree = "<group>";
		};
		F6D49E2A1C22611800028A62 /* 理财服务 */ = {
			isa = PBXGroup;
			children = (
				F6D49E2E1C22611800028A62 /* AppDelegate.h */,
				F6D49E2F1C22611800028A62 /* AppDelegate.m */,
				F6D4B5A31C3B4AFB00AF7EAA /* NetServiceManger.h */,
				F6D4B5A41C3B4AFB00AF7EAA /* NetServiceManger.m */,
				F6E3F3E41C28D06700B2DF0B /* PayForMainViewController.h */,
				F6E3F3E51C28D06700B2DF0B /* PayForMainViewController.m */,
				F6E3F3E61C28D06700B2DF0B /* PayForMainViewController.xib */,
				F6224E171C27EA5900B7C1E6 /* FinamcialServiceFirstViewController.h */,
				F6224E181C27EA5900B7C1E6 /* FinamcialServiceFirstViewController.m */,
				F6224E191C27EA5900B7C1E6 /* FinamcialServiceFirstViewController.xib */,
				F6224E2D1C27EB2900B7C1E6 /* FinamcialserviceFirstTableViewCell.h */,
				F6224E2E1C27EB2900B7C1E6 /* FinamcialserviceFirstTableViewCell.m */,
				F6224E2F1C27EB2900B7C1E6 /* FinamcialserviceFirstTableViewCell.xib */,
				F6D49E631C2263BC00028A62 /* FinancialServiceViewController.h */,
				F6D49E641C2263BC00028A62 /* FinancialServiceViewController.m */,
				F6D49E651C2263BC00028A62 /* FinancialServiceViewController.xib */,
				F6D49E681C2269BA00028A62 /* FinancialServiceBannerCell.h */,
				F6D49E691C2269BA00028A62 /* FinancialServiceBannerCell.m */,
				F6D49E6A1C2269BA00028A62 /* FinancialServiceBannerCell.xib */,
				F6D49E6D1C226A5D00028A62 /* FinancialServiceContentCell.h */,
				F6D49E6E1C226A5D00028A62 /* FinancialServiceContentCell.m */,
				F6D49E6F1C226A5D00028A62 /* FinancialServiceContentCell.xib */,
				F6609D281C23D756001547EB /* proAndCityinfo.plist */,
				F6D49E741C22973100028A62 /* xlform */,
				F6224E1C1C27EAC100B7C1E6 /* image */,
				F6D49E341C22611900028A62 /* Main.storyboard */,
				F6D49E371C22611900028A62 /* Assets.xcassets */,
				F6D49E391C22611900028A62 /* LaunchScreen.storyboard */,
				F6609D261C23B2C4001547EB /* text.jpg */,
				F6D49E3C1C22611900028A62 /* Info.plist */,
				F6D49E2B1C22611800028A62 /* Supporting Files */,
			);
			path = "理财服务";
			sourceTree = "<group>";
		};
		F6D49E2B1C22611800028A62 /* Supporting Files */ = {
			isa = PBXGroup;
			children = (
				F6D49E2C1C22611800028A62 /* main.m */,
			);
			name = "Supporting Files";
			sourceTree = "<group>";
		};
		F6D49E441C22611900028A62 /* 理财服务Tests */ = {
			isa = PBXGroup;
			children = (
				F6D49E451C22611900028A62 /* ____Tests.m */,
				F6D49E471C22611900028A62 /* Info.plist */,
			);
			path = "理财服务Tests";
			sourceTree = "<group>";
		};
		F6D49E4F1C22611900028A62 /* 理财服务UITests */ = {
			isa = PBXGroup;
			children = (
				F6D49E501C22611900028A62 /* ____UITests.m */,
				F6D49E521C22611900028A62 /* Info.plist */,
			);
			path = "理财服务UITests";
			sourceTree = "<group>";
		};
		F6D49E741C22973100028A62 /* xlform */ = {
			isa = PBXGroup;
			children = (
				F6D49E751C22975D00028A62 /* PayFormViewController.h */,
				F6D49E761C22975D00028A62 /* PayFormViewController.m */,
				F6609D2A1C23F103001547EB /* FundCombinationViewController.h */,
				F6609D2B1C23F103001547EB /* FundCombinationViewController.m */,
				F6AA96221C30DE2E0073FD6F /* MemberBorrowViewController.h */,
				F6AA96231C30DE2E0073FD6F /* MemberBorrowViewController.m */,
				F6AA96241C30DE2E0073FD6F /* MemberBorrowViewController.xib */,
				F6AA96271C30E6E50073FD6F /* BorrowProgramViewController.h */,
				F6AA96281C30E6E50073FD6F /* BorrowProgramViewController.m */,
				F6AA96291C30E6E50073FD6F /* BorrowProgramViewController.xib */,
			);
			name = xlform;
			sourceTree = "<group>";
		};
/* End PBXGroup section */

/* Begin PBXNativeTarget section */
		F6D49E271C22611800028A62 /* 理财服务 */ = {
			isa = PBXNativeTarget;
			buildConfigurationList = F6D49E551C22611900028A62 /* Build configuration list for PBXNativeTarget "理财服务" */;
			buildPhases = (
				574CEBB062E61BC7572B0BF9 /* Check Pods Manifest.lock */,
				F6D49E241C22611800028A62 /* Sources */,
				F6D49E251C22611800028A62 /* Frameworks */,
				F6D49E261C22611800028A62 /* Resources */,
				750109EFC91FC113371BC8D2 /* Embed Pods Frameworks */,
				031F8821140250C3CAE68F3E /* Copy Pods Resources */,
			);
			buildRules = (
			);
			dependencies = (
			);
			name = "理财服务";
			productName = "理财服务";
			productReference = F6D49E281C22611800028A62 /* 理财服务.app */;
			productType = "com.apple.product-type.application";
		};
		F6D49E401C22611900028A62 /* 理财服务Tests */ = {
			isa = PBXNativeTarget;
			buildConfigurationList = F6D49E581C22611900028A62 /* Build configuration list for PBXNativeTarget "理财服务Tests" */;
			buildPhases = (
				F6D49E3D1C22611900028A62 /* Sources */,
				F6D49E3E1C22611900028A62 /* Frameworks */,
				F6D49E3F1C22611900028A62 /* Resources */,
			);
			buildRules = (
			);
			dependencies = (
				F6D49E431C22611900028A62 /* PBXTargetDependency */,
			);
			name = "理财服务Tests";
			productName = "理财服务Tests";
			productReference = F6D49E411C22611900028A62 /* 理财服务Tests.xctest */;
			productType = "com.apple.product-type.bundle.unit-test";
		};
		F6D49E4B1C22611900028A62 /* 理财服务UITests */ = {
			isa = PBXNativeTarget;
			buildConfigurationList = F6D49E5B1C22611900028A62 /* Build configuration list for PBXNativeTarget "理财服务UITests" */;
			buildPhases = (
				F6D49E481C22611900028A62 /* Sources */,
				F6D49E491C22611900028A62 /* Frameworks */,
				F6D49E4A1C22611900028A62 /* Resources */,
			);
			buildRules = (
			);
			dependencies = (
				F6D49E4E1C22611900028A62 /* PBXTargetDependency */,
			);
			name = "理财服务UITests";
			productName = "理财服务UITests";
			productReference = F6D49E4C1C22611900028A62 /* 理财服务UITests.xctest */;
			productType = "com.apple.product-type.bundle.ui-testing";
		};
/* End PBXNativeTarget section */

/* Begin PBXProject section */
		F6D49E201C22611800028A62 /* Project object */ = {
			isa = PBXProject;
			attributes = {
				LastUpgradeCheck = 0700;
				ORGANIZATIONNAME = "赵百川";
				TargetAttributes = {
					F6D49E271C22611800028A62 = {
						CreatedOnToolsVersion = 7.0.1;
					};
					F6D49E401C22611900028A62 = {
						CreatedOnToolsVersion = 7.0.1;
						TestTargetID = F6D49E271C22611800028A62;
					};
					F6D49E4B1C22611900028A62 = {
						CreatedOnToolsVersion = 7.0.1;
						TestTargetID = F6D49E271C22611800028A62;
					};
				};
			};
			buildConfigurationList = F6D49E231C22611800028A62 /* Build configuration list for PBXProject "理财服务" */;
			compatibilityVersion = "Xcode 3.2";
			developmentRegion = English;
			hasScannedForEncodings = 0;
			knownRegions = (
				en,
				Base,
			);
			mainGroup = F6D49E1F1C22611800028A62;
			productRefGroup = F6D49E291C22611800028A62 /* Products */;
			projectDirPath = "";
			projectRoot = "";
			targets = (
				F6D49E271C22611800028A62 /* 理财服务 */,
				F6D49E401C22611900028A62 /* 理财服务Tests */,
				F6D49E4B1C22611900028A62 /* 理财服务UITests */,
			);
		};
/* End PBXProject section */

/* Begin PBXResourcesBuildPhase section */
		F6D49E261C22611800028A62 /* Resources */ = {
			isa = PBXResourcesBuildPhase;
			buildActionMask = 2147483647;
			files = (
				F6D49E671C2263BC00028A62 /* FinancialServiceViewController.xib in Resources */,
				F6AA96261C30DE2E0073FD6F /* MemberBorrowViewController.xib in Resources */,
				F6224E2C1C27EAF400B7C1E6 /* img_banner4.jpg in Resources */,
				F6AA962B1C30E6E50073FD6F /* BorrowProgramViewController.xib in Resources */,
				F6E3F3E81C28D06700B2DF0B /* PayForMainViewController.xib in Resources */,
				F6D49E711C226A5D00028A62 /* FinancialServiceContentCell.xib in Resources */,
				F6D49E3B1C22611900028A62 /* LaunchScreen.storyboard in Resources */,
				F6224E2A1C27EAF000B7C1E6 /* img_banner3.jpg in Resources */,
				F6224E311C27EB2900B7C1E6 /* FinamcialserviceFirstTableViewCell.xib in Resources */,
				F6224E1B1C27EA5900B7C1E6 /* FinamcialServiceFirstViewController.xib in Resources */,
				F6224E201C27EAD700B7C1E6 /* first_img_banner2.png in Resources */,
				F6D49E381C22611900028A62 /* Assets.xcassets in Resources */,
				F6224E241C27EAE100B7C1E6 /* first_img_banner4.png in Resources */,
				F6224E261C27EAE600B7C1E6 /* img_banner1.jpg in Resources */,
				F6609D291C23D756001547EB /* proAndCityinfo.plist in Resources */,
				F6224E1E1C27EAD100B7C1E6 /* first_img_banner1.png in Resources */,
				F6224E281C27EAEB00B7C1E6 /* img_banner2.jpg in Resources */,
				F6224E221C27EADD00B7C1E6 /* first_img_banner3.png in Resources */,
				F6609D271C23B2C4001547EB /* text.jpg in Resources */,
				F6D49E6C1C2269BA00028A62 /* FinancialServiceBannerCell.xib in Resources */,
				F6D49E361C22611900028A62 /* Main.storyboard in Resources */,
			);
			runOnlyForDeploymentPostprocessing = 0;
		};
		F6D49E3F1C22611900028A62 /* Resources */ = {
			isa = PBXResourcesBuildPhase;
			buildActionMask = 2147483647;
			files = (
			);
			runOnlyForDeploymentPostprocessing = 0;
		};
		F6D49E4A1C22611900028A62 /* Resources */ = {
			isa = PBXResourcesBuildPhase;
			buildActionMask = 2147483647;
			files = (
			);
			runOnlyForDeploymentPostprocessing = 0;
		};
/* End PBXResourcesBuildPhase section */

/* Begin PBXShellScriptBuildPhase section */
		031F8821140250C3CAE68F3E /* Copy Pods Resources */ = {
			isa = PBXShellScriptBuildPhase;
			buildActionMask = 2147483647;
			files = (
			);
			inputPaths = (
			);
			name = "Copy Pods Resources";
			outputPaths = (
			);
			runOnlyForDeploymentPostprocessing = 0;
			shellPath = /bin/sh;
			shellScript = "\"${SRCROOT}/Pods/Target Support Files/Pods/Pods-resources.sh\"\n";
			showEnvVarsInLog = 0;
		};
		574CEBB062E61BC7572B0BF9 /* Check Pods Manifest.lock */ = {
			isa = PBXShellScriptBuildPhase;
			buildActionMask = 2147483647;
			files = (
			);
			inputPaths = (
			);
			name = "Check Pods Manifest.lock";
			outputPaths = (
			);
			runOnlyForDeploymentPostprocessing = 0;
			shellPath = /bin/sh;
			shellScript = "diff \"${PODS_ROOT}/../Podfile.lock\" \"${PODS_ROOT}/Manifest.lock\" > /dev/null\nif [[ $? != 0 ]] ; then\n    cat << EOM\nerror: The sandbox is not in sync with the Podfile.lock. Run 'pod install' or update your CocoaPods installation.\nEOM\n    exit 1\nfi\n";
			showEnvVarsInLog = 0;
		};
		750109EFC91FC113371BC8D2 /* Embed Pods Frameworks */ = {
			isa = PBXShellScriptBuildPhase;
			buildActionMask = 2147483647;
			files = (
			);
			inputPaths = (
			);
			name = "Embed Pods Frameworks";
			outputPaths = (
			);
			runOnlyForDeploymentPostprocessing = 0;
			shellPath = /bin/sh;
			shellScript = "\"${SRCROOT}/Pods/Target Support Files/Pods/Pods-frameworks.sh\"\n";
			showEnvVarsInLog = 0;
		};
/* End PBXShellScriptBuildPhase section */

/* Begin PBXSourcesBuildPhase section */
		F6D49E241C22611800028A62 /* Sources */ = {
			isa = PBXSourcesBuildPhase;
			buildActionMask = 2147483647;
			files = (
				F6D49E661C2263BC00028A62 /* FinancialServiceViewController.m in Sources */,
				F6D4B5A51C3B4AFB00AF7EAA /* NetServiceManger.m in Sources */,
				F6D49E301C22611800028A62 /* AppDelegate.m in Sources */,
				F6D49E701C226A5D00028A62 /* FinancialServiceContentCell.m in Sources */,
				F6224E301C27EB2900B7C1E6 /* FinamcialserviceFirstTableViewCell.m in Sources */,
				F6D49E2D1C22611800028A62 /* main.m in Sources */,
				F6224E1A1C27EA5900B7C1E6 /* FinamcialServiceFirstViewController.m in Sources */,
				F6AA962A1C30E6E50073FD6F /* BorrowProgramViewController.m in Sources */,
				F6E3F3E71C28D06700B2DF0B /* PayForMainViewController.m in Sources */,
				F6D49E6B1C2269BA00028A62 /* FinancialServiceBannerCell.m in Sources */,
				F6609D2C1C23F103001547EB /* FundCombinationViewController.m in Sources */,
				F6AA96251C30DE2E0073FD6F /* MemberBorrowViewController.m in Sources */,
				F6D49E771C22975D00028A62 /* PayFormViewController.m in Sources */,
			);
			runOnlyForDeploymentPostprocessing = 0;
		};
		F6D49E3D1C22611900028A62 /* Sources */ = {
			isa = PBXSourcesBuildPhase;
			buildActionMask = 2147483647;
			files = (
				F6D49E461C22611900028A62 /* ____Tests.m in Sources */,
			);
			runOnlyForDeploymentPostprocessing = 0;
		};
		F6D49E481C22611900028A62 /* Sources */ = {
			isa = PBXSourcesBuildPhase;
			buildActionMask = 2147483647;
			files = (
				F6D49E511C22611900028A62 /* ____UITests.m in Sources */,
			);
			runOnlyForDeploymentPostprocessing = 0;
		};
/* End PBXSourcesBuildPhase section */

/* Begin PBXTargetDependency section */
		F6D49E431C22611900028A62 /* PBXTargetDependency */ = {
			isa = PBXTargetDependency;
			target = F6D49E271C22611800028A62 /* 理财服务 */;
			targetProxy = F6D49E421C22611900028A62 /* PBXContainerItemProxy */;
		};
		F6D49E4E1C22611900028A62 /* PBXTargetDependency */ = {
			isa = PBXTargetDependency;
			target = F6D49E271C22611800028A62 /* 理财服务 */;
			targetProxy = F6D49E4D1C22611900028A62 /* PBXContainerItemProxy */;
		};
/* End PBXTargetDependency section */

/* Begin PBXVariantGroup section */
		F6D49E341C22611900028A62 /* Main.storyboard */ = {
			isa = PBXVariantGroup;
			children = (
				F6D49E351C22611900028A62 /* Base */,
			);
			name = Main.storyboard;
			sourceTree = "<group>";
		};
		F6D49E391C22611900028A62 /* LaunchScreen.storyboard */ = {
			isa = PBXVariantGroup;
			children = (
				F6D49E3A1C22611900028A62 /* Base */,
			);
			name = LaunchScreen.storyboard;
			sourceTree = "<group>";
		};
/* End PBXVariantGroup section */

/* Begin XCBuildConfiguration section */
		F6D49E531C22611900028A62 /* Debug */ = {
			isa = XCBuildConfiguration;
			buildSettings = {
				ALWAYS_SEARCH_USER_PATHS = NO;
				CLANG_CXX_LANGUAGE_STANDARD = "gnu++0x";
				CLANG_CXX_LIBRARY = "libc++";
				CLANG_ENABLE_MODULES = YES;
				CLANG_ENABLE_OBJC_ARC = YES;
				CLANG_WARN_BOOL_CONVERSION = YES;
				CLANG_WARN_CONSTANT_CONVERSION = YES;
				CLANG_WARN_DIRECT_OBJC_ISA_USAGE = YES_ERROR;
				CLANG_WARN_EMPTY_BODY = YES;
				CLANG_WARN_ENUM_CONVERSION = YES;
				CLANG_WARN_INT_CONVERSION = YES;
				CLANG_WARN_OBJC_ROOT_CLASS = YES_ERROR;
				CLANG_WARN_UNREACHABLE_CODE = YES;
				CLANG_WARN__DUPLICATE_METHOD_MATCH = YES;
				"CODE_SIGN_IDENTITY[sdk=iphoneos*]" = "iPhone Developer";
				COPY_PHASE_STRIP = NO;
				DEBUG_INFORMATION_FORMAT = dwarf;
				ENABLE_STRICT_OBJC_MSGSEND = YES;
				ENABLE_TESTABILITY = YES;
				GCC_C_LANGUAGE_STANDARD = gnu99;
				GCC_DYNAMIC_NO_PIC = NO;
				GCC_NO_COMMON_BLOCKS = YES;
				GCC_OPTIMIZATION_LEVEL = 0;
				GCC_PREPROCESSOR_DEFINITIONS = (
					"DEBUG=1",
					"$(inherited)",
				);
				GCC_WARN_64_TO_32_BIT_CONVERSION = YES;
				GCC_WARN_ABOUT_RETURN_TYPE = YES_ERROR;
				GCC_WARN_UNDECLARED_SELECTOR = YES;
				GCC_WARN_UNINITIALIZED_AUTOS = YES_AGGRESSIVE;
				GCC_WARN_UNUSED_FUNCTION = YES;
				GCC_WARN_UNUSED_VARIABLE = YES;
				IPHONEOS_DEPLOYMENT_TARGET = 9.0;
				MTL_ENABLE_DEBUG_INFO = YES;
				ONLY_ACTIVE_ARCH = YES;
				SDKROOT = iphoneos;
			};
			name = Debug;
		};
		F6D49E541C22611900028A62 /* Release */ = {
			isa = XCBuildConfiguration;
			buildSettings = {
				ALWAYS_SEARCH_USER_PATHS = NO;
				CLANG_CXX_LANGUAGE_STANDARD = "gnu++0x";
				CLANG_CXX_LIBRARY = "libc++";
				CLANG_ENABLE_MODULES = YES;
				CLANG_ENABLE_OBJC_ARC = YES;
				CLANG_WARN_BOOL_CONVERSION = YES;
				CLANG_WARN_CONSTANT_CONVERSION = YES;
				CLANG_WARN_DIRECT_OBJC_ISA_USAGE = YES_ERROR;
				CLANG_WARN_EMPTY_BODY = YES;
				CLANG_WARN_ENUM_CONVERSION = YES;
				CLANG_WARN_INT_CONVERSION = YES;
				CLANG_WARN_OBJC_ROOT_CLASS = YES_ERROR;
				CLANG_WARN_UNREACHABLE_CODE = YES;
				CLANG_WARN__DUPLICATE_METHOD_MATCH = YES;
				"CODE_SIGN_IDENTITY[sdk=iphoneos*]" = "iPhone Developer";
				COPY_PHASE_STRIP = NO;
				DEBUG_INFORMATION_FORMAT = "dwarf-with-dsym";
				ENABLE_NS_ASSERTIONS = NO;
				ENABLE_STRICT_OBJC_MSGSEND = YES;
				GCC_C_LANGUAGE_STANDARD = gnu99;
				GCC_NO_COMMON_BLOCKS = YES;
				GCC_WARN_64_TO_32_BIT_CONVERSION = YES;
				GCC_WARN_ABOUT_RETURN_TYPE = YES_ERROR;
				GCC_WARN_UNDECLARED_SELECTOR = YES;
				GCC_WARN_UNINITIALIZED_AUTOS = YES_AGGRESSIVE;
				GCC_WARN_UNUSED_FUNCTION = YES;
				GCC_WARN_UNUSED_VARIABLE = YES;
				IPHONEOS_DEPLOYMENT_TARGET = 9.0;
				MTL_ENABLE_DEBUG_INFO = NO;
				SDKROOT = iphoneos;
				VALIDATE_PRODUCT = YES;
			};
			name = Release;
		};
		F6D49E561C22611900028A62 /* Debug */ = {
			isa = XCBuildConfiguration;
			baseConfigurationReference = 5D6C828BACE64E9619DDAE3D /* Pods.debug.xcconfig */;
			buildSettings = {
				ASSETCATALOG_COMPILER_APPICON_NAME = AppIcon;
				INFOPLIST_FILE = "理财服务/Info.plist";
				LD_RUNPATH_SEARCH_PATHS = "$(inherited) @executable_path/Frameworks";
				PRODUCT_BUNDLE_IDENTIFIER = "licai.zhanheng.----";
				PRODUCT_NAME = "$(TARGET_NAME)";
			};
			name = Debug;
		};
		F6D49E571C22611900028A62 /* Release */ = {
			isa = XCBuildConfiguration;
			baseConfigurationReference = 306DFCA87443434C9EF943F7 /* Pods.release.xcconfig */;
			buildSettings = {
				ASSETCATALOG_COMPILER_APPICON_NAME = AppIcon;
				INFOPLIST_FILE = "理财服务/Info.plist";
				LD_RUNPATH_SEARCH_PATHS = "$(inherited) @executable_path/Frameworks";
				PRODUCT_BUNDLE_IDENTIFIER = "licai.zhanheng.----";
				PRODUCT_NAME = "$(TARGET_NAME)";
			};
			name = Release;
		};
		F6D49E591C22611900028A62 /* Debug */ = {
			isa = XCBuildConfiguration;
			buildSettings = {
				BUNDLE_LOADER = "$(TEST_HOST)";
				INFOPLIST_FILE = "理财服务Tests/Info.plist";
				LD_RUNPATH_SEARCH_PATHS = "$(inherited) @executable_path/Frameworks @loader_path/Frameworks";
				PRODUCT_BUNDLE_IDENTIFIER = "licai.zhanheng.----Tests";
				PRODUCT_NAME = "$(TARGET_NAME)";
				TEST_HOST = "$(BUILT_PRODUCTS_DIR)/理财服务.app/理财服务";
			};
			name = Debug;
		};
		F6D49E5A1C22611900028A62 /* Release */ = {
			isa = XCBuildConfiguration;
			buildSettings = {
				BUNDLE_LOADER = "$(TEST_HOST)";
				INFOPLIST_FILE = "理财服务Tests/Info.plist";
				LD_RUNPATH_SEARCH_PATHS = "$(inherited) @executable_path/Frameworks @loader_path/Frameworks";
				PRODUCT_BUNDLE_IDENTIFIER = "licai.zhanheng.----Tests";
				PRODUCT_NAME = "$(TARGET_NAME)";
				TEST_HOST = "$(BUILT_PRODUCTS_DIR)/理财服务.app/理财服务";
			};
			name = Release;
		};
		F6D49E5C1C22611900028A62 /* Debug */ = {
			isa = XCBuildConfiguration;
			buildSettings = {
				INFOPLIST_FILE = "理财服务UITests/Info.plist";
				LD_RUNPATH_SEARCH_PATHS = "$(inherited) @executable_path/Frameworks @loader_path/Frameworks";
				PRODUCT_BUNDLE_IDENTIFIER = "licai.zhanheng.----UITests";
				PRODUCT_NAME = "$(TARGET_NAME)";
				TEST_TARGET_NAME = "理财服务";
				USES_XCTRUNNER = YES;
			};
			name = Debug;
		};
		F6D49E5D1C22611900028A62 /* Release */ = {
			isa = XCBuildConfiguration;
			buildSettings = {
				INFOPLIST_FILE = "理财服务UITests/Info.plist";
				LD_RUNPATH_SEARCH_PATHS = "$(inherited) @executable_path/Frameworks @loader_path/Frameworks";
				PRODUCT_BUNDLE_IDENTIFIER = "licai.zhanheng.----UITests";
				PRODUCT_NAME = "$(TARGET_NAME)";
				TEST_TARGET_NAME = "理财服务";
				USES_XCTRUNNER = YES;
			};
			name = Release;
		};
/* End XCBuildConfiguration section */

/* Begin XCConfigurationList section */
		F6D49E231C22611800028A62 /* Build configuration list for PBXProject "理财服务" */ = {
			isa = XCConfigurationList;
			buildConfigurations = (
				F6D49E531C22611900028A62 /* Debug */,
				F6D49E541C22611900028A62 /* Release */,
			);
			defaultConfigurationIsVisible = 0;
			defaultConfigurationName = Release;
		};
		F6D49E551C22611900028A62 /* Build configuration list for PBXNativeTarget "理财服务" */ = {
			isa = XCConfigurationList;
			buildConfigurations = (
				F6D49E561C22611900028A62 /* Debug */,
				F6D49E571C22611900028A62 /* Release */,
			);
			defaultConfigurationIsVisible = 0;
			defaultConfigurationName = Release;
		};
		F6D49E581C22611900028A62 /* Build configuration list for PBXNativeTarget "理财服务Tests" */ = {
			isa = XCConfigurationList;
			buildConfigurations = (
				F6D49E591C22611900028A62 /* Debug */,
				F6D49E5A1C22611900028A62 /* Release */,
			);
			defaultConfigurationIsVisible = 0;
			defaultConfigurationName = Release;
		};
		F6D49E5B1C22611900028A62 /* Build configuration list for PBXNativeTarget "理财服务UITests" */ = {
			isa = XCConfigurationList;
			buildConfigurations = (
				F6D49E5C1C22611900028A62 /* Debug */,
				F6D49E5D1C22611900028A62 /* Release */,
			);
			defaultConfigurationIsVisible = 0;
			defaultConfigurationName = Release;
		};
/* End XCConfigurationList section */
	};
	rootObject = F6D49E201C22611800028A62 /* Project object */;
}
